
Microsoft Visual Studio Solution File, Format Version 12.00
# Visual Studio Version 17
VisualStudioVersion = 17.11.35312.102
MinimumVisualStudioVersion = 10.0.40219.1
Project("{FAE04EC0-301F-11D3-BF4B-00C04F79EFBC}") = "norm", "norm.csproj", "{49ECD961-E4F4-49C2-847B-03925A235B0C}"
EndProject
Global
	GlobalSection(SolutionConfigurationPlatforms) = preSolution
		Debug|Any CPU = Debug|Any CPU
		Release|Any CPU = Release|Any CPU
	EndGlobalSection
	GlobalSection(ProjectConfigurationPlatforms) = postSolution
		{49ECD961-E4F4-49C2-847B-03925A235B0C}.Debug|Any CPU.ActiveCfg = Debug|Any CPU
		{49ECD961-E4F4-49C2-847B-03925A235B0C}.Debug|Any CPU.Build.0 = Debug|Any CPU
		{49ECD961-E4F4-49C2-847B-03925A235B0C}.Release|Any CPU.ActiveCfg = Release|Any CPU
		{49ECD961-E4F4-49C2-847B-03925A235B0C}.Release|Any CPU.Build.0 = Release|Any CPU
	EndGlobalSection
	GlobalSection(SolutionProperties) = preSolution
		HideSolutionNode = FALSE
	EndGlobalSection
	GlobalSection(ExtensibilityGlobals) = postSolution
		SolutionGuid = {141CF015-DD03-41CE-B1FD-9E3EF77A0B07}
	EndGlobalSection
EndGlobal
